
Microsoft Visual Studio Solution File, Format Version 12.00
# Visual Studio 15
VisualStudioVersion = 15.0.28010.2016
MinimumVisualStudioVersion = 10.0.40219.1
Project("{FAE04EC0-301F-11D3-BF4B-00C04F79EFBC}") = "pwnUI", "pwnUI\pwnUI.csproj", "{042DE9FA-CDB6-4C16-9FCB-FA0DB81EB0C2}"
EndProject
Project("{FAE04EC0-301F-11D3-BF4B-00C04F79EFBC}") = "pwnDAL", "pwnDAL\pwnDAL.csproj", "{B26DAD0B-5D29-424F-9DCC-06B46C0656C3}"
EndProject
Project("{FAE04EC0-301F-11D3-BF4B-00C04F79EFBC}") = "pwnModel", "pwnModel\pwnModel.csproj", "{050F3D59-4331-4168-8A07-8DB56C1E504C}"
EndProject
Project("{FAE04EC0-301F-11D3-BF4B-00C04F79EFBC}") = "pwnLogic", "pwnLogic\pwnLogic.csproj", "{A4270096-BCB7-43D3-8DBB-E83F7AFAA5A3}"
EndProject
Global
	GlobalSection(SolutionConfigurationPlatforms) = preSolution
		Debug|Any CPU = Debug|Any CPU
		Release|Any CPU = Release|Any CPU
	EndGlobalSection
	GlobalSection(ProjectConfigurationPlatforms) = postSolution
		{042DE9FA-CDB6-4C16-9FCB-FA0DB81EB0C2}.Debug|Any CPU.ActiveCfg = Debug|Any CPU
		{042DE9FA-CDB6-4C16-9FCB-FA0DB81EB0C2}.Debug|Any CPU.Build.0 = Debug|Any CPU
		{042DE9FA-CDB6-4C16-9FCB-FA0DB81EB0C2}.Release|Any CPU.ActiveCfg = Release|Any CPU
		{042DE9FA-CDB6-4C16-9FCB-FA0DB81EB0C2}.Release|Any CPU.Build.0 = Release|Any CPU
		{B26DAD0B-5D29-424F-9DCC-06B46C0656C3}.Debug|Any CPU.ActiveCfg = Debug|Any CPU
		{B26DAD0B-5D29-424F-9DCC-06B46C0656C3}.Debug|Any CPU.Build.0 = Debug|Any CPU
		{B26DAD0B-5D29-424F-9DCC-06B46C0656C3}.Release|Any CPU.ActiveCfg = Release|Any CPU
		{B26DAD0B-5D29-424F-9DCC-06B46C0656C3}.Release|Any CPU.Build.0 = Release|Any CPU
		{050F3D59-4331-4168-8A07-8DB56C1E504C}.Debug|Any CPU.ActiveCfg = Debug|Any CPU
		{050F3D59-4331-4168-8A07-8DB56C1E504C}.Debug|Any CPU.Build.0 = Debug|Any CPU
		{050F3D59-4331-4168-8A07-8DB56C1E504C}.Release|Any CPU.ActiveCfg = Release|Any CPU
		{050F3D59-4331-4168-8A07-8DB56C1E504C}.Release|Any CPU.Build.0 = Release|Any CPU
		{A4270096-BCB7-43D3-8DBB-E83F7AFAA5A3}.Debug|Any CPU.ActiveCfg = Debug|Any CPU
		{A4270096-BCB7-43D3-8DBB-E83F7AFAA5A3}.Debug|Any CPU.Build.0 = Debug|Any CPU
		{A4270096-BCB7-43D3-8DBB-E83F7AFAA5A3}.Release|Any CPU.ActiveCfg = Release|Any CPU
		{A4270096-BCB7-43D3-8DBB-E83F7AFAA5A3}.Release|Any CPU.Build.0 = Release|Any CPU
	EndGlobalSection
	GlobalSection(SolutionProperties) = preSolution
		HideSolutionNode = FALSE
	EndGlobalSection
	GlobalSection(ExtensibilityGlobals) = postSolution
		SolutionGuid = {9827839D-D563-4B77-B082-0156A1CCE923}
	EndGlobalSection
EndGlobal
